
Microsoft Visual Studio Solution File, Format Version 12.00
# Visual Studio Version 16
VisualStudioVersion = 16.0.30523.141
MinimumVisualStudioVersion = 10.0.40219.1
Project("{FAE04EC0-301F-11D3-BF4B-00C04F79EFBC}") = "Models", "Models\Models.csproj", "{6FBD246D-C9AB-49F3-81FA-0EBA87886414}"
EndProject
Project("{FAE04EC0-301F-11D3-BF4B-00C04F79EFBC}") = "Services", "Services\Services.csproj", "{C470D408-BFB3-4E13-8400-3864D09D4C5B}"
EndProject
Project("{FAE04EC0-301F-11D3-BF4B-00C04F79EFBC}") = "Repos", "Repo\Repos.csproj", "{E2A0E22E-9307-47A6-99B5-4456A87E0091}"
EndProject
Global
	GlobalSection(SolutionConfigurationPlatforms) = preSolution
		Debug|Any CPU = Debug|Any CPU
		Release|Any CPU = Release|Any CPU
	EndGlobalSection
	GlobalSection(ProjectConfigurationPlatforms) = postSolution
		{6FBD246D-C9AB-49F3-81FA-0EBA87886414}.Debug|Any CPU.ActiveCfg = Debug|Any CPU
		{6FBD246D-C9AB-49F3-81FA-0EBA87886414}.Debug|Any CPU.Build.0 = Debug|Any CPU
		{6FBD246D-C9AB-49F3-81FA-0EBA87886414}.Release|Any CPU.ActiveCfg = Release|Any CPU
		{6FBD246D-C9AB-49F3-81FA-0EBA87886414}.Release|Any CPU.Build.0 = Release|Any CPU
		{C470D408-BFB3-4E13-8400-3864D09D4C5B}.Debug|Any CPU.ActiveCfg = Debug|Any CPU
		{C470D408-BFB3-4E13-8400-3864D09D4C5B}.Debug|Any CPU.Build.0 = Debug|Any CPU
		{C470D408-BFB3-4E13-8400-3864D09D4C5B}.Release|Any CPU.ActiveCfg = Release|Any CPU
		{C470D408-BFB3-4E13-8400-3864D09D4C5B}.Release|Any CPU.Build.0 = Release|Any CPU
		{E2A0E22E-9307-47A6-99B5-4456A87E0091}.Debug|Any CPU.ActiveCfg = Debug|Any CPU
		{E2A0E22E-9307-47A6-99B5-4456A87E0091}.Debug|Any CPU.Build.0 = Debug|Any CPU
		{E2A0E22E-9307-47A6-99B5-4456A87E0091}.Release|Any CPU.ActiveCfg = Release|Any CPU
		{E2A0E22E-9307-47A6-99B5-4456A87E0091}.Release|Any CPU.Build.0 = Release|Any CPU
	EndGlobalSection
	GlobalSection(SolutionProperties) = preSolution
		HideSolutionNode = FALSE
	EndGlobalSection
	GlobalSection(ExtensibilityGlobals) = postSolution
		SolutionGuid = {511360C1-2211-42AD-90ED-AB91C8AF9898}
	EndGlobalSection
EndGlobal
